// !$*UTF8*$!
{
	archiveVersion = 1;
	classes = {
	};
	objectVersion = 51;
	objects = {

/* Begin PBXBuildFile section */
		3500C7742332500A002735AC /* Assets.xcassets in Resources */ = {isa = PBXBuildFile; fileRef = 3500C7732332500A002735AC /* Assets.xcassets */; };
		3500C7762332517A002735AC /* CreateNoteViewController.swift in Sources */ = {isa = PBXBuildFile; fileRef = 3500C7752332517A002735AC /* CreateNoteViewController.swift */; };
		3500C77823325BE6002735AC /* NotesCollectionViewCell.swift in Sources */ = {isa = PBXBuildFile; fileRef = 3500C77723325BE6002735AC /* NotesCollectionViewCell.swift */; };
		3500C77A23339B93002735AC /* Note.swift in Sources */ = {isa = PBXBuildFile; fileRef = 3500C77923339B93002735AC /* Note.swift */; };
		3515D203233110B600A67DC2 /* AppDelegate.swift in Sources */ = {isa = PBXBuildFile; fileRef = 3515D202233110B600A67DC2 /* AppDelegate.swift */; };
		3515D208233110B600A67DC2 /* Main.storyboard in Resources */ = {isa = PBXBuildFile; fileRef = 3515D206233110B600A67DC2 /* Main.storyboard */; };
		3515D20D233110C100A67DC2 /* LaunchScreen.storyboard in Resources */ = {isa = PBXBuildFile; fileRef = 3515D20B233110C100A67DC2 /* LaunchScreen.storyboard */; };
		3515D215233110FC00A67DC2 /* GoogleService-Info.plist in Resources */ = {isa = PBXBuildFile; fileRef = 3515D214233110FC00A67DC2 /* GoogleService-Info.plist */; };
		3515D21723311F7700A67DC2 /* MainViewController.swift in Sources */ = {isa = PBXBuildFile; fileRef = 3515D21623311F7700A67DC2 /* MainViewController.swift */; };
		3515D21D233120DB00A67DC2 /* NotesListViewController.swift in Sources */ = {isa = PBXBuildFile; fileRef = 3515D21C233120DB00A67DC2 /* NotesListViewController.swift */; };
		3515D21F233121E200A67DC2 /* SingUpViewController.swift in Sources */ = {isa = PBXBuildFile; fileRef = 3515D21E233121E200A67DC2 /* SingUpViewController.swift */; };
		574E6B102C9E5E404D713FA1 /* Pods_NotesApp.framework in Frameworks */ = {isa = PBXBuildFile; fileRef = 16DD325E639D2B29B00E84FC /* Pods_NotesApp.framework */; };
/* End PBXBuildFile section */

/* Begin PBXFileReference section */
		16DD325E639D2B29B00E84FC /* Pods_NotesApp.framework */ = {isa = PBXFileReference; explicitFileType = wrapper.framework; includeInIndex = 0; path = Pods_NotesApp.framework; sourceTree = BUILT_PRODUCTS_DIR; };
		1959747ECF331234410F2946 /* Pods-NotesApp.debug.xcconfig */ = {isa = PBXFileReference; includeInIndex = 1; lastKnownFileType = text.xcconfig; name = "Pods-NotesApp.debug.xcconfig"; path = "Target Support Files/Pods-NotesApp/Pods-NotesApp.debug.xcconfig"; sourceTree = "<group>"; };
		3500C7732332500A002735AC /* Assets.xcassets */ = {isa = PBXFileReference; lastKnownFileType = folder.assetcatalog; path = Assets.xcassets; sourceTree = "<group>"; };
		3500C7752332517A002735AC /* CreateNoteViewController.swift */ = {isa = PBXFileReference; lastKnownFileType = sourcecode.swift; path = CreateNoteViewController.swift; sourceTree = "<group>"; };
		3500C77723325BE6002735AC /* NotesCollectionViewCell.swift */ = {isa = PBXFileReference; lastKnownFileType = sourcecode.swift; path = NotesCollectionViewCell.swift; sourceTree = "<group>"; };
		3500C77923339B93002735AC /* Note.swift */ = {isa = PBXFileReference; lastKnownFileType = sourcecode.swift; path = Note.swift; sourceTree = "<group>"; };
		3515D1FF233110B600A67DC2 /* NotesApp.app */ = {isa = PBXFileReference; explicitFileType = wrapper.application; includeInIndex = 0; path = NotesApp.app; sourceTree = BUILT_PRODUCTS_DIR; };
		3515D202233110B600A67DC2 /* AppDelegate.swift */ = {isa = PBXFileReference; lastKnownFileType = sourcecode.swift; path = AppDelegate.swift; sourceTree = "<group>"; };
		3515D207233110B600A67DC2 /* Base */ = {isa = PBXFileReference; lastKnownFileType = file.storyboard; name = Base; path = Base.lproj/Main.storyboard; sourceTree = "<group>"; };
		3515D20C233110C100A67DC2 /* Base */ = {isa = PBXFileReference; lastKnownFileType = file.storyboard; name = Base; path = Base.lproj/LaunchScreen.storyboard; sourceTree = "<group>"; };
		3515D20E233110C100A67DC2 /* Info.plist */ = {isa = PBXFileReference; lastKnownFileType = text.plist.xml; path = Info.plist; sourceTree = "<group>"; };
		3515D214233110FC00A67DC2 /* GoogleService-Info.plist */ = {isa = PBXFileReference; fileEncoding = 4; lastKnownFileType = text.plist.xml; path = "GoogleService-Info.plist"; sourceTree = "<group>"; };
		3515D21623311F7700A67DC2 /* MainViewController.swift */ = {isa = PBXFileReference; lastKnownFileType = sourcecode.swift; path = MainViewController.swift; sourceTree = "<group>"; };
		3515D21C233120DB00A67DC2 /* NotesListViewController.swift */ = {isa = PBXFileReference; lastKnownFileType = sourcecode.swift; path = NotesListViewController.swift; sourceTree = "<group>"; };
		3515D21E233121E200A67DC2 /* SingUpViewController.swift */ = {isa = PBXFileReference; lastKnownFileType = sourcecode.swift; path = SingUpViewController.swift; sourceTree = "<group>"; };
		A0DFE37CC5029E1A121FA82B /* Pods-NotesApp.release.xcconfig */ = {isa = PBXFileReference; includeInIndex = 1; lastKnownFileType = text.xcconfig; name = "Pods-NotesApp.release.xcconfig"; path = "Target Support Files/Pods-NotesApp/Pods-NotesApp.release.xcconfig"; sourceTree = "<group>"; };
/* End PBXFileReference section */

/* Begin PBXFrameworksBuildPhase section */
		3515D1FC233110B600A67DC2 /* Frameworks */ = {
			isa = PBXFrameworksBuildPhase;
			buildActionMask = 2147483647;
			files = (
				574E6B102C9E5E404D713FA1 /* Pods_NotesApp.framework in Frameworks */,
			);
			runOnlyForDeploymentPostprocessing = 0;
		};
/* End PBXFrameworksBuildPhase section */

/* Begin PBXGroup section */
		0CA8F398761A1EFEC4BF4B42 /* Pods */ = {
			isa = PBXGroup;
			children = (
				1959747ECF331234410F2946 /* Pods-NotesApp.debug.xcconfig */,
				A0DFE37CC5029E1A121FA82B /* Pods-NotesApp.release.xcconfig */,
			);
			path = Pods;
			sourceTree = "<group>";
		};
		3515D1F6233110B600A67DC2 = {
			isa = PBXGroup;
			children = (
				3515D201233110B600A67DC2 /* NotesApp */,
				3515D200233110B600A67DC2 /* Products */,
				0CA8F398761A1EFEC4BF4B42 /* Pods */,
				E091912925A091CE67CA2D4C /* Frameworks */,
			);
			sourceTree = "<group>";
		};
		3515D200233110B600A67DC2 /* Products */ = {
			isa = PBXGroup;
			children = (
				3515D1FF233110B600A67DC2 /* NotesApp.app */,
			);
			name = Products;
			sourceTree = "<group>";
		};
		3515D201233110B600A67DC2 /* NotesApp */ = {
			isa = PBXGroup;
			children = (
				3515D21B2331208A00A67DC2 /* Views */,
				3515D21A2331208500A67DC2 /* Storyboards */,
				3515D2192331207D00A67DC2 /* Controllers */,
				3515D2182331207800A67DC2 /* Models */,
				3515D202233110B600A67DC2 /* AppDelegate.swift */,
				3515D214233110FC00A67DC2 /* GoogleService-Info.plist */,
				3500C7732332500A002735AC /* Assets.xcassets */,
				3515D20B233110C100A67DC2 /* LaunchScreen.storyboard */,
				3515D20E233110C100A67DC2 /* Info.plist */,
			);
			path = NotesApp;
			sourceTree = "<group>";
		};
		3515D2182331207800A67DC2 /* Models */ = {
			isa = PBXGroup;
			children = (
				3500C77923339B93002735AC /* Note.swift */,
			);
			path = Models;
			sourceTree = "<group>";
		};
		3515D2192331207D00A67DC2 /* Controllers */ = {
			isa = PBXGroup;
			children = (
				3515D21623311F7700A67DC2 /* MainViewController.swift */,
				3515D21C233120DB00A67DC2 /* NotesListViewController.swift */,
				3515D21E233121E200A67DC2 /* SingUpViewController.swift */,
				3500C7752332517A002735AC /* CreateNoteViewController.swift */,
			);
			path = Controllers;
			sourceTree = "<group>";
		};
		3515D21A2331208500A67DC2 /* Storyboards */ = {
			isa = PBXGroup;
			children = (
				3515D206233110B600A67DC2 /* Main.storyboard */,
			);
			path = Storyboards;
			sourceTree = "<group>";
		};
		3515D21B2331208A00A67DC2 /* Views */ = {
			isa = PBXGroup;
			children = (
				3500C77723325BE6002735AC /* NotesCollectionViewCell.swift */,
			);
			path = Views;
			sourceTree = "<group>";
		};
		E091912925A091CE67CA2D4C /* Frameworks */ = {
			isa = PBXGroup;
			children = (
				16DD325E639D2B29B00E84FC /* Pods_NotesApp.framework */,
			);
			name = Frameworks;
			sourceTree = "<group>";
		};
/* End PBXGroup section */

/* Begin PBXNativeTarget section */
		3515D1FE233110B600A67DC2 /* NotesApp */ = {
			isa = PBXNativeTarget;
			buildConfigurationList = 3515D211233110C100A67DC2 /* Build configuration list for PBXNativeTarget "NotesApp" */;
			buildPhases = (
				985E5D614AF30923A03D8BAB /* [CP] Check Pods Manifest.lock */,
				3515D1FB233110B600A67DC2 /* Sources */,
				3515D1FC233110B600A67DC2 /* Frameworks */,
				3515D1FD233110B600A67DC2 /* Resources */,
				68B239B31F82A6F7891CF499 /* [CP] Embed Pods Frameworks */,
			);
			buildRules = (
			);
			dependencies = (
			);
			name = NotesApp;
			productName = NotesApp;
			productReference = 3515D1FF233110B600A67DC2 /* NotesApp.app */;
			productType = "com.apple.product-type.application";
		};
/* End PBXNativeTarget section */

/* Begin PBXProject section */
		3515D1F7233110B600A67DC2 /* Project object */ = {
			isa = PBXProject;
			attributes = {
				LastSwiftUpdateCheck = 1030;
				LastUpgradeCheck = 1030;
				ORGANIZATIONNAME = "Arber Basha";
				TargetAttributes = {
					3515D1FE233110B600A67DC2 = {
						CreatedOnToolsVersion = 10.3;
					};
				};
			};
			buildConfigurationList = 3515D1FA233110B600A67DC2 /* Build configuration list for PBXProject "NotesApp" */;
			compatibilityVersion = "Xcode 9.3";
			developmentRegion = en;
			hasScannedForEncodings = 0;
			knownRegions = (
				en,
				Base,
			);
			mainGroup = 3515D1F6233110B600A67DC2;
			productRefGroup = 3515D200233110B600A67DC2 /* Products */;
			projectDirPath = "";
			projectRoot = "";
			targets = (
				3515D1FE233110B600A67DC2 /* NotesApp */,
			);
		};
/* End PBXProject section */

/* Begin PBXResourcesBuildPhase section */
		3515D1FD233110B600A67DC2 /* Resources */ = {
			isa = PBXResourcesBuildPhase;
			buildActionMask = 2147483647;
			files = (
				3515D20D233110C100A67DC2 /* LaunchScreen.storyboard in Resources */,
				3500C7742332500A002735AC /* Assets.xcassets in Resources */,
				3515D215233110FC00A67DC2 /* GoogleService-Info.plist in Resources */,
				3515D208233110B600A67DC2 /* Main.storyboard in Resources */,
			);
			runOnlyForDeploymentPostprocessing = 0;
		};
/* End PBXResourcesBuildPhase section */

/* Begin PBXShellScriptBuildPhase section */
		68B239B31F82A6F7891CF499 /* [CP] Embed Pods Frameworks */ = {
			isa = PBXShellScriptBuildPhase;
			buildActionMask = 2147483647;
			files = (
			);
			inputFileListPaths = (
				"${PODS_ROOT}/Target Support Files/Pods-NotesApp/Pods-NotesApp-frameworks-${CONFIGURATION}-input-files.xcfilelist",
			);
			name = "[CP] Embed Pods Frameworks";
			outputFileListPaths = (
				"${PODS_ROOT}/Target Support Files/Pods-NotesApp/Pods-NotesApp-frameworks-${CONFIGURATION}-output-files.xcfilelist",
			);
			runOnlyForDeploymentPostprocessing = 0;
			shellPath = /bin/sh;
			shellScript = "\"${PODS_ROOT}/Target Support Files/Pods-NotesApp/Pods-NotesApp-frameworks.sh\"\n";
			showEnvVarsInLog = 0;
		};
		985E5D614AF30923A03D8BAB /* [CP] Check Pods Manifest.lock */ = {
			isa = PBXShellScriptBuildPhase;
			buildActionMask = 2147483647;
			files = (
			);
			inputFileListPaths = (
			);
			inputPaths = (
				"${PODS_PODFILE_DIR_PATH}/Podfile.lock",
				"${PODS_ROOT}/Manifest.lock",
			);
			name = "[CP] Check Pods Manifest.lock";
			outputFileListPaths = (
			);
			outputPaths = (
				"$(DERIVED_FILE_DIR)/Pods-NotesApp-checkManifestLockResult.txt",
			);
			runOnlyForDeploymentPostprocessing = 0;
			shellPath = /bin/sh;
			shellScript = "diff \"${PODS_PODFILE_DIR_PATH}/Podfile.lock\" \"${PODS_ROOT}/Manifest.lock\" > /dev/null\nif [ $? != 0 ] ; then\n    # print error to STDERR\n    echo \"error: The sandbox is not in sync with the Podfile.lock. Run 'pod install' or update your CocoaPods installation.\" >&2\n    exit 1\nfi\n# This output is used by Xcode 'outputs' to avoid re-running this script phase.\necho \"SUCCESS\" > \"${SCRIPT_OUTPUT_FILE_0}\"\n";
			showEnvVarsInLog = 0;
		};
/* End PBXShellScriptBuildPhase section */

/* Begin PBXSourcesBuildPhase section */
		3515D1FB233110B600A67DC2 /* Sources */ = {
			isa = PBXSourcesBuildPhase;
			buildActionMask = 2147483647;
			files = (
				3515D203233110B600A67DC2 /* AppDelegate.swift in Sources */,
				3515D21D233120DB00A67DC2 /* NotesListViewController.swift in Sources */,
				3500C77A23339B93002735AC /* Note.swift in Sources */,
				3515D21F233121E200A67DC2 /* SingUpViewController.swift in Sources */,
				3500C7762332517A002735AC /* CreateNoteViewController.swift in Sources */,
				3500C77823325BE6002735AC /* NotesCollectionViewCell.swift in Sources */,
				3515D21723311F7700A67DC2 /* MainViewController.swift in Sources */,
			);
			runOnlyForDeploymentPostprocessing = 0;
		};
/* End PBXSourcesBuildPhase section */

/* Begin PBXVariantGroup section */
		3515D206233110B600A67DC2 /* Main.storyboard */ = {
			isa = PBXVariantGroup;
			children = (
				3515D207233110B600A67DC2 /* Base */,
			);
			name = Main.storyboard;
			sourceTree = "<group>";
		};
		3515D20B233110C100A67DC2 /* LaunchScreen.storyboard */ = {
			isa = PBXVariantGroup;
			children = (
				3515D20C233110C100A67DC2 /* Base */,
			);
			name = LaunchScreen.storyboard;
			sourceTree = "<group>";
		};
/* End PBXVariantGroup section */

/* Begin XCBuildConfiguration section */
		3515D20F233110C100A67DC2 /* Debug */ = {
			isa = XCBuildConfiguration;
			buildSettings = {
				ALWAYS_SEARCH_USER_PATHS = NO;
				CLANG_ANALYZER_NONNULL = YES;
				CLANG_ANALYZER_NUMBER_OBJECT_CONVERSION = YES_AGGRESSIVE;
				CLANG_CXX_LANGUAGE_STANDARD = "gnu++14";
				CLANG_CXX_LIBRARY = "libc++";
				CLANG_ENABLE_MODULES = YES;
				CLANG_ENABLE_OBJC_ARC = YES;
				CLANG_ENABLE_OBJC_WEAK = YES;
				CLANG_WARN_BLOCK_CAPTURE_AUTORELEASING = YES;
				CLANG_WARN_BOOL_CONVERSION = YES;
				CLANG_WARN_COMMA = YES;
				CLANG_WARN_CONSTANT_CONVERSION = YES;
				CLANG_WARN_DEPRECATED_OBJC_IMPLEMENTATIONS = YES;
				CLANG_WARN_DIRECT_OBJC_ISA_USAGE = YES_ERROR;
				CLANG_WARN_DOCUMENTATION_COMMENTS = YES;
				CLANG_WARN_EMPTY_BODY = YES;
				CLANG_WARN_ENUM_CONVERSION = YES;
				CLANG_WARN_INFINITE_RECURSION = YES;
				CLANG_WARN_INT_CONVERSION = YES;
				CLANG_WARN_NON_LITERAL_NULL_CONVERSION = YES;
				CLANG_WARN_OBJC_IMPLICIT_RETAIN_SELF = YES;
				CLANG_WARN_OBJC_LITERAL_CONVERSION = YES;
				CLANG_WARN_OBJC_ROOT_CLASS = YES_ERROR;
				CLANG_WARN_RANGE_LOOP_ANALYSIS = YES;
				CLANG_WARN_STRICT_PROTOTYPES = YES;
				CLANG_WARN_SUSPICIOUS_MOVE = YES;
				CLANG_WARN_UNGUARDED_AVAILABILITY = YES_AGGRESSIVE;
				CLANG_WARN_UNREACHABLE_CODE = YES;
				CLANG_WARN__DUPLICATE_METHOD_MATCH = YES;
				CODE_SIGN_IDENTITY = "iPhone Developer";
				COPY_PHASE_STRIP = NO;
				DEBUG_INFORMATION_FORMAT = dwarf;
				ENABLE_STRICT_OBJC_MSGSEND = YES;
				ENABLE_TESTABILITY = YES;
				GCC_C_LANGUAGE_STANDARD = gnu11;
				GCC_DYNAMIC_NO_PIC = NO;
				GCC_NO_COMMON_BLOCKS = YES;
				GCC_OPTIMIZATION_LEVEL = 0;
				GCC_PREPROCESSOR_DEFINITIONS = (
					"DEBUG=1",
					"$(inherited)",
				);
				GCC_WARN_64_TO_32_BIT_CONVERSION = YES;
				GCC_WARN_ABOUT_RETURN_TYPE = YES_ERROR;
				GCC_WARN_UNDECLARED_SELECTOR = YES;
				GCC_WARN_UNINITIALIZED_AUTOS = YES_AGGRESSIVE;
				GCC_WARN_UNUSED_FUNCTION = YES;
				GCC_WARN_UNUSED_VARIABLE = YES;
				IPHONEOS_DEPLOYMENT_TARGET = 12.4;
				MTL_ENABLE_DEBUG_INFO = INCLUDE_SOURCE;
				MTL_FAST_MATH = YES;
				ONLY_ACTIVE_ARCH = YES;
				SDKROOT = iphoneos;
				SWIFT_ACTIVE_COMPILATION_CONDITIONS = DEBUG;
				SWIFT_OPTIMIZATION_LEVEL = "-Onone";
			};
			name = Debug;
		};
		3515D210233110C100A67DC2 /* Release */ = {
			isa = XCBuildConfiguration;
			buildSettings = {
				ALWAYS_SEARCH_USER_PATHS = NO;
				CLANG_ANALYZER_NONNULL = YES;
				CLANG_ANALYZER_NUMBER_OBJECT_CONVERSION = YES_AGGRESSIVE;
				CLANG_CXX_LANGUAGE_STANDARD = "gnu++14";
				CLANG_CXX_LIBRARY = "libc++";
				CLANG_ENABLE_MODULES = YES;
				CLANG_ENABLE_OBJC_ARC = YES;
				CLANG_ENABLE_OBJC_WEAK = YES;
				CLANG_WARN_BLOCK_CAPTURE_AUTORELEASING = YES;
				CLANG_WARN_BOOL_CONVERSION = YES;
				CLANG_WARN_COMMA = YES;
				CLANG_WARN_CONSTANT_CONVERSION = YES;
				CLANG_WARN_DEPRECATED_OBJC_IMPLEMENTATIONS = YES;
				CLANG_WARN_DIRECT_OBJC_ISA_USAGE = YES_ERROR;
				CLANG_WARN_DOCUMENTATION_COMMENTS = YES;
				CLANG_WARN_EMPTY_BODY = YES;
				CLANG_WARN_ENUM_CONVERSION = YES;
				CLANG_WARN_INFINITE_RECURSION = YES;
				CLANG_WARN_INT_CONVERSION = YES;
				CLANG_WARN_NON_LITERAL_NULL_CONVERSION = YES;
				CLANG_WARN_OBJC_IMPLICIT_RETAIN_SELF = YES;
				CLANG_WARN_OBJC_LITERAL_CONVERSION = YES;
				CLANG_WARN_OBJC_ROOT_CLASS = YES_ERROR;
				CLANG_WARN_RANGE_LOOP_ANALYSIS = YES;
				CLANG_WARN_STRICT_PROTOTYPES = YES;
				CLANG_WARN_SUSPICIOUS_MOVE = YES;
				CLANG_WARN_UNGUARDED_AVAILABILITY = YES_AGGRESSIVE;
				CLANG_WARN_UNREACHABLE_CODE = YES;
				CLANG_WARN__DUPLICATE_METHOD_MATCH = YES;
				CODE_SIGN_IDENTITY = "iPhone Developer";
				COPY_PHASE_STRIP = NO;
				DEBUG_INFORMATION_FORMAT = "dwarf-with-dsym";
				ENABLE_NS_ASSERTIONS = NO;
				ENABLE_STRICT_OBJC_MSGSEND = YES;
				GCC_C_LANGUAGE_STANDARD = gnu11;
				GCC_NO_COMMON_BLOCKS = YES;
				GCC_WARN_64_TO_32_BIT_CONVERSION = YES;
				GCC_WARN_ABOUT_RETURN_TYPE = YES_ERROR;
				GCC_WARN_UNDECLARED_SELECTOR = YES;
				GCC_WARN_UNINITIALIZED_AUTOS = YES_AGGRESSIVE;
				GCC_WARN_UNUSED_FUNCTION = YES;
				GCC_WARN_UNUSED_VARIABLE = YES;
				IPHONEOS_DEPLOYMENT_TARGET = 12.4;
				MTL_ENABLE_DEBUG_INFO = NO;
				MTL_FAST_MATH = YES;
				SDKROOT = iphoneos;
				SWIFT_COMPILATION_MODE = wholemodule;
				SWIFT_OPTIMIZATION_LEVEL = "-O";
				VALIDATE_PRODUCT = YES;
			};
			name = Release;
		};
		3515D212233110C100A67DC2 /* Debug */ = {
			isa = XCBuildConfiguration;
			baseConfigurationReference = 1959747ECF331234410F2946 /* Pods-NotesApp.debug.xcconfig */;
			buildSettings = {
				ASSETCATALOG_COMPILER_APPICON_NAME = "AppIcon-1";
				CODE_SIGN_STYLE = Automatic;
				DEVELOPMENT_TEAM = TPD86YV292;
				INFOPLIST_FILE = NotesApp/Info.plist;
				LD_RUNPATH_SEARCH_PATHS = (
					"$(inherited)",
					"@executable_path/Frameworks",
				);
				PRODUCT_BUNDLE_IDENTIFIER = arberbasha.NotesApp;
				PRODUCT_NAME = "$(TARGET_NAME)";
				SWIFT_VERSION = 5.0;
				TARGETED_DEVICE_FAMILY = 1;
			};
			name = Debug;
		};
		3515D213233110C100A67DC2 /* Release */ = {
			isa = XCBuildConfiguration;
			baseConfigurationReference = A0DFE37CC5029E1A121FA82B /* Pods-NotesApp.release.xcconfig */;
			buildSettings = {
				ASSETCATALOG_COMPILER_APPICON_NAME = "AppIcon-1";
				CODE_SIGN_STYLE = Automatic;
				DEVELOPMENT_TEAM = TPD86YV292;
				INFOPLIST_FILE = NotesApp/Info.plist;
				LD_RUNPATH_SEARCH_PATHS = (
					"$(inherited)",
					"@executable_path/Frameworks",
				);
				PRODUCT_BUNDLE_IDENTIFIER = arberbasha.NotesApp;
				PRODUCT_NAME = "$(TARGET_NAME)";
				SWIFT_VERSION = 5.0;
				TARGETED_DEVICE_FAMILY = 1;
			};
			name = Release;
		};
/* End XCBuildConfiguration section */

/* Begin XCConfigurationList section */
		3515D1FA233110B600A67DC2 /* Build configuration list for PBXProject "NotesApp" */ = {
			isa = XCConfigurationList;
			buildConfigurations = (
				3515D20F233110C100A67DC2 /* Debug */,
				3515D210233110C100A67DC2 /* Release */,
			);
			defaultConfigurationIsVisible = 0;
			defaultConfigurationName = Release;
		};
		3515D211233110C100A67DC2 /* Build configuration list for PBXNativeTarget "NotesApp" */ = {
			isa = XCConfigurationList;
			buildConfigurations = (
				3515D212233110C100A67DC2 /* Debug */,
				3515D213233110C100A67DC2 /* Release */,
			);
			defaultConfigurationIsVisible = 0;
			defaultConfigurationName = Release;
		};
/* End XCConfigurationList section */
	};
	rootObject = 3515D1F7233110B600A67DC2 /* Project object */;
}
